// !$*UTF8*$!
{
	archiveVersion = 1;
	classes = {
	};
	objectVersion = 46;
	objects = {

/* Begin PBXBuildFile section */
		A20301CCDD57BF273EA68C81 /* libPods.a in Frameworks */ = {isa = PBXBuildFile; fileRef = 469037D1B0669C7304A67E03 /* libPods.a */; };
		F4D63F0E1A9D8E6C002D17CB /* AppDelegate.swift in Sources */ = {isa = PBXBuildFile; fileRef = F4D63F0D1A9D8E6C002D17CB /* AppDelegate.swift */; };
		F4D63F101A9D8E6C002D17CB /* FirstViewController.swift in Sources */ = {isa = PBXBuildFile; fileRef = F4D63F0F1A9D8E6C002D17CB /* FirstViewController.swift */; };
		F4D63F121A9D8E6C002D17CB /* SecondViewController.swift in Sources */ = {isa = PBXBuildFile; fileRef = F4D63F111A9D8E6C002D17CB /* SecondViewController.swift */; };
		F4D63F151A9D8E6C002D17CB /* Main.storyboard in Resources */ = {isa = PBXBuildFile; fileRef = F4D63F131A9D8E6C002D17CB /* Main.storyboard */; };
		F4D63F171A9D8E6C002D17CB /* Images.xcassets in Resources */ = {isa = PBXBuildFile; fileRef = F4D63F161A9D8E6C002D17CB /* Images.xcassets */; };
		F4D63F1A1A9D8E6C002D17CB /* LaunchScreen.xib in Resources */ = {isa = PBXBuildFile; fileRef = F4D63F181A9D8E6C002D17CB /* LaunchScreen.xib */; };
		F4D63F261A9D8E6C002D17CB /* SmartlistTests.swift in Sources */ = {isa = PBXBuildFile; fileRef = F4D63F251A9D8E6C002D17CB /* SmartlistTests.swift */; };
/* End PBXBuildFile section */

/* Begin PBXContainerItemProxy section */
		F4D63F201A9D8E6C002D17CB /* PBXContainerItemProxy */ = {
			isa = PBXContainerItemProxy;
			containerPortal = F4D63F001A9D8E6C002D17CB /* Project object */;
			proxyType = 1;
			remoteGlobalIDString = F4D63F071A9D8E6C002D17CB;
			remoteInfo = Smartlist;
		};
/* End PBXContainerItemProxy section */

/* Begin PBXFileReference section */
		3F79BBC610C4893A9AE78822 /* Pods.debug.xcconfig */ = {isa = PBXFileReference; includeInIndex = 1; lastKnownFileType = text.xcconfig; name = Pods.debug.xcconfig; path = "Pods/Target Support Files/Pods/Pods.debug.xcconfig"; sourceTree = "<group>"; };
		469037D1B0669C7304A67E03 /* libPods.a */ = {isa = PBXFileReference; explicitFileType = archive.ar; includeInIndex = 0; path = libPods.a; sourceTree = BUILT_PRODUCTS_DIR; };
		AE1BAF1C9A3475DE0727A37F /* Pods.release.xcconfig */ = {isa = PBXFileReference; includeInIndex = 1; lastKnownFileType = text.xcconfig; name = Pods.release.xcconfig; path = "Pods/Target Support Files/Pods/Pods.release.xcconfig"; sourceTree = "<group>"; };
		F443EBEA1A9D9B55002E6868 /* Smartlist-Bridging-Header.h */ = {isa = PBXFileReference; lastKnownFileType = sourcecode.c.h; path = "Smartlist-Bridging-Header.h"; sourceTree = "<group>"; };
		F4D63F081A9D8E6C002D17CB /* Smartlist.app */ = {isa = PBXFileReference; explicitFileType = wrapper.application; includeInIndex = 0; path = Smartlist.app; sourceTree = BUILT_PRODUCTS_DIR; };
		F4D63F0C1A9D8E6C002D17CB /* Info.plist */ = {isa = PBXFileReference; lastKnownFileType = text.plist.xml; path = Info.plist; sourceTree = "<group>"; };
		F4D63F0D1A9D8E6C002D17CB /* AppDelegate.swift */ = {isa = PBXFileReference; lastKnownFileType = sourcecode.swift; path = AppDelegate.swift; sourceTree = "<group>"; };
		F4D63F0F1A9D8E6C002D17CB /* FirstViewController.swift */ = {isa = PBXFileReference; lastKnownFileType = sourcecode.swift; path = FirstViewController.swift; sourceTree = "<group>"; };
		F4D63F111A9D8E6C002D17CB /* SecondViewController.swift */ = {isa = PBXFileReference; lastKnownFileType = sourcecode.swift; path = SecondViewController.swift; sourceTree = "<group>"; };
		F4D63F141A9D8E6C002D17CB /* Base */ = {isa = PBXFileReference; lastKnownFileType = file.storyboard; name = Base; path = Base.lproj/Main.storyboard; sourceTree = "<group>"; };
		F4D63F161A9D8E6C002D17CB /* Images.xcassets */ = {isa = PBXFileReference; lastKnownFileType = folder.assetcatalog; path = Images.xcassets; sourceTree = "<group>"; };
		F4D63F191A9D8E6C002D17CB /* Base */ = {isa = PBXFileReference; lastKnownFileType = file.xib; name = Base; path = Base.lproj/LaunchScreen.xib; sourceTree = "<group>"; };
		F4D63F1F1A9D8E6C002D17CB /* SmartlistTests.xctest */ = {isa = PBXFileReference; explicitFileType = wrapper.cfbundle; includeInIndex = 0; path = SmartlistTests.xctest; sourceTree = BUILT_PRODUCTS_DIR; };
		F4D63F241A9D8E6C002D17CB /* Info.plist */ = {isa = PBXFileReference; lastKnownFileType = text.plist.xml; path = Info.plist; sourceTree = "<group>"; };
		F4D63F251A9D8E6C002D17CB /* SmartlistTests.swift */ = {isa = PBXFileReference; lastKnownFileType = sourcecode.swift; path = SmartlistTests.swift; sourceTree = "<group>"; };
/* End PBXFileReference section */

/* Begin PBXFrameworksBuildPhase section */
		F4D63F051A9D8E6C002D17CB /* Frameworks */ = {
			isa = PBXFrameworksBuildPhase;
			buildActionMask = 2147483647;
			files = (
				A20301CCDD57BF273EA68C81 /* libPods.a in Frameworks */,
			);
			runOnlyForDeploymentPostprocessing = 0;
		};
		F4D63F1C1A9D8E6C002D17CB /* Frameworks */ = {
			isa = PBXFrameworksBuildPhase;
			buildActionMask = 2147483647;
			files = (
			);
			runOnlyForDeploymentPostprocessing = 0;
		};
/* End PBXFrameworksBuildPhase section */

/* Begin PBXGroup section */
		9D68B3BF72BB2C63F79095F5 /* Frameworks */ = {
			isa = PBXGroup;
			children = (
				469037D1B0669C7304A67E03 /* libPods.a */,
			);
			name = Frameworks;
			sourceTree = "<group>";
		};
		B7377C0D97BC08EA55FF0BA8 /* Pods */ = {
			isa = PBXGroup;
			children = (
				3F79BBC610C4893A9AE78822 /* Pods.debug.xcconfig */,
				AE1BAF1C9A3475DE0727A37F /* Pods.release.xcconfig */,
			);
			name = Pods;
			sourceTree = "<group>";
		};
		F4D63EFF1A9D8E6C002D17CB = {
			isa = PBXGroup;
			children = (
				F4D63F0A1A9D8E6C002D17CB /* Smartlist */,
				F4D63F221A9D8E6C002D17CB /* SmartlistTests */,
				F4D63F091A9D8E6C002D17CB /* Products */,
				B7377C0D97BC08EA55FF0BA8 /* Pods */,
				9D68B3BF72BB2C63F79095F5 /* Frameworks */,
				F443EBEA1A9D9B55002E6868 /* Smartlist-Bridging-Header.h */,
			);
			sourceTree = "<group>";
		};
		F4D63F091A9D8E6C002D17CB /* Products */ = {
			isa = PBXGroup;
			children = (
				F4D63F081A9D8E6C002D17CB /* Smartlist.app */,
				F4D63F1F1A9D8E6C002D17CB /* SmartlistTests.xctest */,
			);
			name = Products;
			sourceTree = "<group>";
		};
		F4D63F0A1A9D8E6C002D17CB /* Smartlist */ = {
			isa = PBXGroup;
			children = (
				F4D63F0D1A9D8E6C002D17CB /* AppDelegate.swift */,
				F4D63F0F1A9D8E6C002D17CB /* FirstViewController.swift */,
				F4D63F111A9D8E6C002D17CB /* SecondViewController.swift */,
				F4D63F131A9D8E6C002D17CB /* Main.storyboard */,
				F4D63F161A9D8E6C002D17CB /* Images.xcassets */,
				F4D63F181A9D8E6C002D17CB /* LaunchScreen.xib */,
				F4D63F0B1A9D8E6C002D17CB /* Supporting Files */,
			);
			path = Smartlist;
			sourceTree = "<group>";
		};
		F4D63F0B1A9D8E6C002D17CB /* Supporting Files */ = {
			isa = PBXGroup;
			children = (
				F4D63F0C1A9D8E6C002D17CB /* Info.plist */,
			);
			name = "Supporting Files";
			sourceTree = "<group>";
		};
		F4D63F221A9D8E6C002D17CB /* SmartlistTests */ = {
			isa = PBXGroup;
			children = (
				F4D63F251A9D8E6C002D17CB /* SmartlistTests.swift */,
				F4D63F231A9D8E6C002D17CB /* Supporting Files */,
			);
			path = SmartlistTests;
			sourceTree = "<group>";
		};
		F4D63F231A9D8E6C002D17CB /* Supporting Files */ = {
			isa = PBXGroup;
			children = (
				F4D63F241A9D8E6C002D17CB /* Info.plist */,
			);
			name = "Supporting Files";
			sourceTree = "<group>";
		};
/* End PBXGroup section */

/* Begin PBXNativeTarget section */
		F4D63F071A9D8E6C002D17CB /* Smartlist */ = {
			isa = PBXNativeTarget;
			buildConfigurationList = F4D63F291A9D8E6C002D17CB /* Build configuration list for PBXNativeTarget "Smartlist" */;
			buildPhases = (
				1D7B3159067605405C853169 /* Check Pods Manifest.lock */,
				F4D63F041A9D8E6C002D17CB /* Sources */,
				F4D63F051A9D8E6C002D17CB /* Frameworks */,
				F4D63F061A9D8E6C002D17CB /* Resources */,
				9D91A4D30BEE41407BDF9D53 /* Copy Pods Resources */,
			);
			buildRules = (
			);
			dependencies = (
			);
			name = Smartlist;
			productName = Smartlist;
			productReference = F4D63F081A9D8E6C002D17CB /* Smartlist.app */;
			productType = "com.apple.product-type.application";
		};
		F4D63F1E1A9D8E6C002D17CB /* SmartlistTests */ = {
			isa = PBXNativeTarget;
			buildConfigurationList = F4D63F2C1A9D8E6C002D17CB /* Build configuration list for PBXNativeTarget "SmartlistTests" */;
			buildPhases = (
				F4D63F1B1A9D8E6C002D17CB /* Sources */,
				F4D63F1C1A9D8E6C002D17CB /* Frameworks */,
				F4D63F1D1A9D8E6C002D17CB /* Resources */,
			);
			buildRules = (
			);
			dependencies = (
				F4D63F211A9D8E6C002D17CB /* PBXTargetDependency */,
			);
			name = SmartlistTests;
			productName = SmartlistTests;
			productReference = F4D63F1F1A9D8E6C002D17CB /* SmartlistTests.xctest */;
			productType = "com.apple.product-type.bundle.unit-test";
		};
/* End PBXNativeTarget section */

/* Begin PBXProject section */
		F4D63F001A9D8E6C002D17CB /* Project object */ = {
			isa = PBXProject;
			attributes = {
				LastUpgradeCheck = 0610;
				ORGANIZATIONNAME = "Panashe Mahachi";
				TargetAttributes = {
					F4D63F071A9D8E6C002D17CB = {
						CreatedOnToolsVersion = 6.1.1;
					};
					F4D63F1E1A9D8E6C002D17CB = {
						CreatedOnToolsVersion = 6.1.1;
						TestTargetID = F4D63F071A9D8E6C002D17CB;
					};
				};
			};
			buildConfigurationList = F4D63F031A9D8E6C002D17CB /* Build configuration list for PBXProject "Smartlist" */;
			compatibilityVersion = "Xcode 3.2";
			developmentRegion = English;
			hasScannedForEncodings = 0;
			knownRegions = (
				en,
				Base,
			);
			mainGroup = F4D63EFF1A9D8E6C002D17CB;
			productRefGroup = F4D63F091A9D8E6C002D17CB /* Products */;
			projectDirPath = "";
			projectRoot = "";
			targets = (
				F4D63F071A9D8E6C002D17CB /* Smartlist */,
				F4D63F1E1A9D8E6C002D17CB /* SmartlistTests */,
			);
		};
/* End PBXProject section */

/* Begin PBXResourcesBuildPhase section */
		F4D63F061A9D8E6C002D17CB /* Resources */ = {
			isa = PBXResourcesBuildPhase;
			buildActionMask = 2147483647;
			files = (
				F4D63F151A9D8E6C002D17CB /* Main.storyboard in Resources */,
				F4D63F1A1A9D8E6C002D17CB /* LaunchScreen.xib in Resources */,
				F4D63F171A9D8E6C002D17CB /* Images.xcassets in Resources */,
			);
			runOnlyForDeploymentPostprocessing = 0;
		};
		F4D63F1D1A9D8E6C002D17CB /* Resources */ = {
			isa = PBXResourcesBuildPhase;
			buildActionMask = 2147483647;
			files = (
			);
			runOnlyForDeploymentPostprocessing = 0;
		};
/* End PBXResourcesBuildPhase section */

/* Begin PBXShellScriptBuildPhase section */
		1D7B3159067605405C853169 /* Check Pods Manifest.lock */ = {
			isa = PBXShellScriptBuildPhase;
			buildActionMask = 2147483647;
			files = (
			);
			inputPaths = (
			);
			name = "Check Pods Manifest.lock";
			outputPaths = (
			);
			runOnlyForDeploymentPostprocessing = 0;
			shellPath = /bin/sh;
			shellScript = "diff \"${PODS_ROOT}/../Podfile.lock\" \"${PODS_ROOT}/Manifest.lock\" > /dev/null\nif [[ $? != 0 ]] ; then\n    cat << EOM\nerror: The sandbox is not in sync with the Podfile.lock. Run 'pod install' or update your CocoaPods installation.\nEOM\n    exit 1\nfi\n";
			showEnvVarsInLog = 0;
		};
		9D91A4D30BEE41407BDF9D53 /* Copy Pods Resources */ = {
			isa = PBXShellScriptBuildPhase;
			buildActionMask = 2147483647;
			files = (
			);
			inputPaths = (
			);
			name = "Copy Pods Resources";
			outputPaths = (
			);
			runOnlyForDeploymentPostprocessing = 0;
			shellPath = /bin/sh;
			shellScript = "\"${SRCROOT}/Pods/Target Support Files/Pods/Pods-resources.sh\"\n";
			showEnvVarsInLog = 0;
		};
/* End PBXShellScriptBuildPhase section */

/* Begin PBXSourcesBuildPhase section */
		F4D63F041A9D8E6C002D17CB /* Sources */ = {
			isa = PBXSourcesBuildPhase;
			buildActionMask = 2147483647;
			files = (
				F4D63F121A9D8E6C002D17CB /* SecondViewController.swift in Sources */,
				F4D63F0E1A9D8E6C002D17CB /* AppDelegate.swift in Sources */,
				F4D63F101A9D8E6C002D17CB /* FirstViewController.swift in Sources */,
			);
			runOnlyForDeploymentPostprocessing = 0;
		};
		F4D63F1B1A9D8E6C002D17CB /* Sources */ = {
			isa = PBXSourcesBuildPhase;
			buildActionMask = 2147483647;
			files = (
				F4D63F261A9D8E6C002D17CB /* SmartlistTests.swift in Sources */,
			);
			runOnlyForDeploymentPostprocessing = 0;
		};
/* End PBXSourcesBuildPhase section */

/* Begin PBXTargetDependency section */
		F4D63F211A9D8E6C002D17CB /* PBXTargetDependency */ = {
			isa = PBXTargetDependency;
			target = F4D63F071A9D8E6C002D17CB /* Smartlist */;
			targetProxy = F4D63F201A9D8E6C002D17CB /* PBXContainerItemProxy */;
		};
/* End PBXTargetDependency section */

/* Begin PBXVariantGroup section */
		F4D63F131A9D8E6C002D17CB /* Main.storyboard */ = {
			isa = PBXVariantGroup;
			children = (
				F4D63F141A9D8E6C002D17CB /* Base */,
			);
			name = Main.storyboard;
			sourceTree = "<group>";
		};
		F4D63F181A9D8E6C002D17CB /* LaunchScreen.xib */ = {
			isa = PBXVariantGroup;
			children = (
				F4D63F191A9D8E6C002D17CB /* Base */,
			);
			name = LaunchScreen.xib;
			sourceTree = "<group>";
		};
/* End PBXVariantGroup section */

/* Begin XCBuildConfiguration section */
		F4D63F271A9D8E6C002D17CB /* Debug */ = {
			isa = XCBuildConfiguration;
			buildSettings = {
				ALWAYS_SEARCH_USER_PATHS = NO;
				CLANG_CXX_LANGUAGE_STANDARD = "gnu++0x";
				CLANG_CXX_LIBRARY = "libc++";
				CLANG_ENABLE_MODULES = YES;
				CLANG_ENABLE_OBJC_ARC = YES;
				CLANG_WARN_BOOL_CONVERSION = YES;
				CLANG_WARN_CONSTANT_CONVERSION = YES;
				CLANG_WARN_DIRECT_OBJC_ISA_USAGE = YES_ERROR;
				CLANG_WARN_EMPTY_BODY = YES;
				CLANG_WARN_ENUM_CONVERSION = YES;
				CLANG_WARN_INT_CONVERSION = YES;
				CLANG_WARN_OBJC_ROOT_CLASS = YES_ERROR;
				CLANG_WARN_UNREACHABLE_CODE = YES;
				CLANG_WARN__DUPLICATE_METHOD_MATCH = YES;
				"CODE_SIGN_IDENTITY[sdk=iphoneos*]" = "iPhone Developer";
				COPY_PHASE_STRIP = NO;
				ENABLE_STRICT_OBJC_MSGSEND = YES;
				GCC_C_LANGUAGE_STANDARD = gnu99;
				GCC_DYNAMIC_NO_PIC = NO;
				GCC_OPTIMIZATION_LEVEL = 0;
				GCC_PREPROCESSOR_DEFINITIONS = (
					"DEBUG=1",
					"$(inherited)",
				);
				GCC_SYMBOLS_PRIVATE_EXTERN = NO;
				GCC_WARN_64_TO_32_BIT_CONVERSION = YES;
				GCC_WARN_ABOUT_RETURN_TYPE = YES_ERROR;
				GCC_WARN_UNDECLARED_SELECTOR = YES;
				GCC_WARN_UNINITIALIZED_AUTOS = YES_AGGRESSIVE;
				GCC_WARN_UNUSED_FUNCTION = YES;
				GCC_WARN_UNUSED_VARIABLE = YES;
				IPHONEOS_DEPLOYMENT_TARGET = 8.1;
				MTL_ENABLE_DEBUG_INFO = YES;
				ONLY_ACTIVE_ARCH = YES;
				SDKROOT = iphoneos;
				SWIFT_OPTIMIZATION_LEVEL = "-Onone";
			};
			name = Debug;
		};
		F4D63F281A9D8E6C002D17CB /* Release */ = {
			isa = XCBuildConfiguration;
			buildSettings = {
				ALWAYS_SEARCH_USER_PATHS = NO;
				CLANG_CXX_LANGUAGE_STANDARD = "gnu++0x";
				CLANG_CXX_LIBRARY = "libc++";
				CLANG_ENABLE_MODULES = YES;
				CLANG_ENABLE_OBJC_ARC = YES;
				CLANG_WARN_BOOL_CONVERSION = YES;
				CLANG_WARN_CONSTANT_CONVERSION = YES;
				CLANG_WARN_DIRECT_OBJC_ISA_USAGE = YES_ERROR;
				CLANG_WARN_EMPTY_BODY = YES;
				CLANG_WARN_ENUM_CONVERSION = YES;
				CLANG_WARN_INT_CONVERSION = YES;
				CLANG_WARN_OBJC_ROOT_CLASS = YES_ERROR;
				CLANG_WARN_UNREACHABLE_CODE = YES;
				CLANG_WARN__DUPLICATE_METHOD_MATCH = YES;
				"CODE_SIGN_IDENTITY[sdk=iphoneos*]" = "iPhone Developer";
				COPY_PHASE_STRIP = YES;
				ENABLE_NS_ASSERTIONS = NO;
				ENABLE_STRICT_OBJC_MSGSEND = YES;
				GCC_C_LANGUAGE_STANDARD = gnu99;
				GCC_WARN_64_TO_32_BIT_CONVERSION = YES;
				GCC_WARN_ABOUT_RETURN_TYPE = YES_ERROR;
				GCC_WARN_UNDECLARED_SELECTOR = YES;
				GCC_WARN_UNINITIALIZED_AUTOS = YES_AGGRESSIVE;
				GCC_WARN_UNUSED_FUNCTION = YES;
				GCC_WARN_UNUSED_VARIABLE = YES;
				IPHONEOS_DEPLOYMENT_TARGET = 8.1;
				MTL_ENABLE_DEBUG_INFO = NO;
				SDKROOT = iphoneos;
				VALIDATE_PRODUCT = YES;
			};
			name = Release;
		};
		F4D63F2A1A9D8E6C002D17CB /* Debug */ = {
			isa = XCBuildConfiguration;
			baseConfigurationReference = 3F79BBC610C4893A9AE78822 /* Pods.debug.xcconfig */;
			buildSettings = {
				ASSETCATALOG_COMPILER_APPICON_NAME = AppIcon;
				CLANG_ENABLE_MODULES = YES;
				INFOPLIST_FILE = Smartlist/Info.plist;
				LD_RUNPATH_SEARCH_PATHS = "$(inherited) @executable_path/Frameworks";
				PRODUCT_NAME = "$(TARGET_NAME)";
				SWIFT_OBJC_BRIDGING_HEADER = "Smartlist-Bridging-Header.h";
				SWIFT_OPTIMIZATION_LEVEL = "-Onone";
			};
			name = Debug;
		};
		F4D63F2B1A9D8E6C002D17CB /* Release */ = {
			isa = XCBuildConfiguration;
			baseConfigurationReference = AE1BAF1C9A3475DE0727A37F /* Pods.release.xcconfig */;
			buildSettings = {
				ASSETCATALOG_COMPILER_APPICON_NAME = AppIcon;
				CLANG_ENABLE_MODULES = YES;
				INFOPLIST_FILE = Smartlist/Info.plist;
				LD_RUNPATH_SEARCH_PATHS = "$(inherited) @executable_path/Frameworks";
				PRODUCT_NAME = "$(TARGET_NAME)";
				SWIFT_OBJC_BRIDGING_HEADER = "Smartlist-Bridging-Header.h";
			};
			name = Release;
		};
		F4D63F2D1A9D8E6C002D17CB /* Debug */ = {
			isa = XCBuildConfiguration;
			buildSettings = {
				BUNDLE_LOADER = "$(TEST_HOST)";
				FRAMEWORK_SEARCH_PATHS = (
					"$(SDKROOT)/Developer/Library/Frameworks",
					"$(inherited)",
				);
				GCC_PREPROCESSOR_DEFINITIONS = (
					"DEBUG=1",
					"$(inherited)",
				);
				INFOPLIST_FILE = SmartlistTests/Info.plist;
				LD_RUNPATH_SEARCH_PATHS = "$(inherited) @executable_path/Frameworks @loader_path/Frameworks";
				PRODUCT_NAME = "$(TARGET_NAME)";
				TEST_HOST = "$(BUILT_PRODUCTS_DIR)/Smartlist.app/Smartlist";
			};
			name = Debug;
		};
		F4D63F2E1A9D8E6C002D17CB /* Release */ = {
			isa = XCBuildConfiguration;
			buildSettings = {
				BUNDLE_LOADER = "$(TEST_HOST)";
				FRAMEWORK_SEARCH_PATHS = (
					"$(SDKROOT)/Developer/Library/Frameworks",
					"$(inherited)",
				);
				INFOPLIST_FILE = SmartlistTests/Info.plist;
				LD_RUNPATH_SEARCH_PATHS = "$(inherited) @executable_path/Frameworks @loader_path/Frameworks";
				PRODUCT_NAME = "$(TARGET_NAME)";
				TEST_HOST = "$(BUILT_PRODUCTS_DIR)/Smartlist.app/Smartlist";
			};
			name = Release;
		};
/* End XCBuildConfiguration section */

/* Begin XCConfigurationList section */
		F4D63F031A9D8E6C002D17CB /* Build configuration list for PBXProject "Smartlist" */ = {
			isa = XCConfigurationList;
			buildConfigurations = (
				F4D63F271A9D8E6C002D17CB /* Debug */,
				F4D63F281A9D8E6C002D17CB /* Release */,
			);
			defaultConfigurationIsVisible = 0;
			defaultConfigurationName = Release;
		};
		F4D63F291A9D8E6C002D17CB /* Build configuration list for PBXNativeTarget "Smartlist" */ = {
			isa = XCConfigurationList;
			buildConfigurations = (
				F4D63F2A1A9D8E6C002D17CB /* Debug */,
				F4D63F2B1A9D8E6C002D17CB /* Release */,
			);
			defaultConfigurationIsVisible = 0;
			defaultConfigurationName = Release;
		};
		F4D63F2C1A9D8E6C002D17CB /* Build configuration list for PBXNativeTarget "SmartlistTests" */ = {
			isa = XCConfigurationList;
			buildConfigurations = (
				F4D63F2D1A9D8E6C002D17CB /* Debug */,
				F4D63F2E1A9D8E6C002D17CB /* Release */,
			);
			defaultConfigurationIsVisible = 0;
			defaultConfigurationName = Release;
		};
/* End XCConfigurationList section */
	};
	rootObject = F4D63F001A9D8E6C002D17CB /* Project object */;
}
